// !$*UTF8*$!
{
	archiveVersion = 1;
	classes = {
	};
	objectVersion = 56;
	objects = {

/* Begin PBXBuildFile section */
		362020E72962052200F13F5B /* ItemRowView.swift in Sources */ = {isa = PBXBuildFile; fileRef = 362020E62962052200F13F5B /* ItemRowView.swift */; };
		362020E929620C1A00F13F5B /* Binding-onChange+Extension.swift in Sources */ = {isa = PBXBuildFile; fileRef = 362020E829620C1A00F13F5B /* Binding-onChange+Extension.swift */; };
		362020EC29646CA800F13F5B /* ProjectHeaderView.swift in Sources */ = {isa = PBXBuildFile; fileRef = 362020EB29646CA800F13F5B /* ProjectHeaderView.swift */; };
		362020EE2964706300F13F5B /* Colors.xcassets in Resources */ = {isa = PBXBuildFile; fileRef = 362020ED2964706300F13F5B /* Colors.xcassets */; };
		362020F02964719200F13F5B /* EditProjectView.swift in Sources */ = {isa = PBXBuildFile; fileRef = 362020EF2964719200F13F5B /* EditProjectView.swift */; };
		3620211B29661C0C00F13F5B /* Sequence + Extension.swift in Sources */ = {isa = PBXBuildFile; fileRef = 3620211A29661C0C00F13F5B /* Sequence + Extension.swift */; };
		3620211D296762BD00F13F5B /* SelectSomethingView.swift in Sources */ = {isa = PBXBuildFile; fileRef = 3620211C296762BD00F13F5B /* SelectSomethingView.swift */; };
		3620211F2968BE7800F13F5B /* Bundle+Extension.swift in Sources */ = {isa = PBXBuildFile; fileRef = 3620211E2968BE7800F13F5B /* Bundle+Extension.swift */; };
		362021232968C2C800F13F5B /* Award.swift in Sources */ = {isa = PBXBuildFile; fileRef = 362021222968C2C800F13F5B /* Award.swift */; };
		362021252968C34800F13F5B /* AwardsView.swift in Sources */ = {isa = PBXBuildFile; fileRef = 362021242968C34800F13F5B /* AwardsView.swift */; };
		362DD8B12977380E0042ABF7 /* Color-Additions+Extension.swift in Sources */ = {isa = PBXBuildFile; fileRef = 362DD8B02977380E0042ABF7 /* Color-Additions+Extension.swift */; };
		3647C95E29D2207C0055FC02 /* ProductView.swift in Sources */ = {isa = PBXBuildFile; fileRef = 3647C95D29D2207C0055FC02 /* ProductView.swift */; };
		3647C96029D2214F0055FC02 /* UnlockView.swift in Sources */ = {isa = PBXBuildFile; fileRef = 3647C95F29D2214F0055FC02 /* UnlockView.swift */; };
		3647C96329D61CBF0055FC02 /* AppDelegate.swift in Sources */ = {isa = PBXBuildFile; fileRef = 3647C96229D61CBF0055FC02 /* AppDelegate.swift */; };
		3647C96529D61E0D0055FC02 /* SceneDelegate.swift in Sources */ = {isa = PBXBuildFile; fileRef = 3647C96429D61E0D0055FC02 /* SceneDelegate.swift */; };
		365DE83829A408C500ECE3AA /* ProjectsViewModel.swift in Sources */ = {isa = PBXBuildFile; fileRef = 365DE83729A408C500ECE3AA /* ProjectsViewModel.swift */; };
		366C731A29BA67F5009AF437 /* HomeViewModel.swift in Sources */ = {isa = PBXBuildFile; fileRef = 366C731929BA67F5009AF437 /* HomeViewModel.swift */; };
		366C731C29BD20B7009AF437 /* ItemRowViewModel.swift in Sources */ = {isa = PBXBuildFile; fileRef = 366C731B29BD20B7009AF437 /* ItemRowViewModel.swift */; };
		366C732529C4E538009AF437 /* UnlockManager.swift in Sources */ = {isa = PBXBuildFile; fileRef = 366C732429C4E538009AF437 /* UnlockManager.swift */; };
		3677110229DA09B700F7CB82 /* WidgetKit.framework in Frameworks */ = {isa = PBXBuildFile; fileRef = 3677110129DA09B700F7CB82 /* WidgetKit.framework */; };
		3677110429DA09B700F7CB82 /* SwiftUI.framework in Frameworks */ = {isa = PBXBuildFile; fileRef = 3677110329DA09B700F7CB82 /* SwiftUI.framework */; };
		3677110729DA09B700F7CB82 /* UltimateSwiftWidgetBundle.swift in Sources */ = {isa = PBXBuildFile; fileRef = 3677110629DA09B700F7CB82 /* UltimateSwiftWidgetBundle.swift */; };
		3677110B29DA09B700F7CB82 /* ComplexWidget.swift in Sources */ = {isa = PBXBuildFile; fileRef = 3677110A29DA09B700F7CB82 /* ComplexWidget.swift */; };
		3677110E29DA09BC00F7CB82 /* Assets.xcassets in Resources */ = {isa = PBXBuildFile; fileRef = 3677110D29DA09BC00F7CB82 /* Assets.xcassets */; };
		3677111029DA09BC00F7CB82 /* UltimateSwiftWidget.intentdefinition in Sources */ = {isa = PBXBuildFile; fileRef = 3677110C29DA09B800F7CB82 /* UltimateSwiftWidget.intentdefinition */; };
		3677111129DA09BC00F7CB82 /* UltimateSwiftWidget.intentdefinition in Sources */ = {isa = PBXBuildFile; fileRef = 3677110C29DA09B800F7CB82 /* UltimateSwiftWidget.intentdefinition */; };
		3677111429DA09BC00F7CB82 /* UltimateSwiftWidgetExtension.appex in Embed Foundation Extensions */ = {isa = PBXBuildFile; fileRef = 367710FF29DA09B700F7CB82 /* UltimateSwiftWidgetExtension.appex */; settings = {ATTRIBUTES = (RemoveHeadersOnCopy, ); }; };
		3677111929DA0AFB00F7CB82 /* Main.xcdatamodeld in Sources */ = {isa = PBXBuildFile; fileRef = 36EA08232953AAFD001CBEA1 /* Main.xcdatamodeld */; };
		3677111A29DA0B2300F7CB82 /* Item-CoreDataHelper+Extension.swift in Sources */ = {isa = PBXBuildFile; fileRef = 36EA08A92960D081001CBEA1 /* Item-CoreDataHelper+Extension.swift */; };
		3677111F29DA0C1200F7CB82 /* DataController-Reminders+Extension.swift in Sources */ = {isa = PBXBuildFile; fileRef = 3677111E29DA0C1200F7CB82 /* DataController-Reminders+Extension.swift */; };
		3677112129DA0CA400F7CB82 /* DataController-Awards+Extension.swift in Sources */ = {isa = PBXBuildFile; fileRef = 3677112029DA0CA400F7CB82 /* DataController-Awards+Extension.swift */; };
		3677112229DA0DE300F7CB82 /* DataController.swift in Sources */ = {isa = PBXBuildFile; fileRef = 36EA087C295E257D001CBEA1 /* DataController.swift */; };
		3677112429DE121E00F7CB82 /* Localizable.strings in Resources */ = {isa = PBXBuildFile; fileRef = 3684ED85297B26CB009559BD /* Localizable.strings */; };
		3684ED83297B26CB009559BD /* Localizable.strings in Resources */ = {isa = PBXBuildFile; fileRef = 3684ED85297B26CB009559BD /* Localizable.strings */; };
		3684ED87297B28F0009559BD /* Localizable.stringsdict in Resources */ = {isa = PBXBuildFile; fileRef = 3684ED89297B28F0009559BD /* Localizable.stringsdict */; };
		3684ED8B297B2A19009559BD /* Awards.json in Resources */ = {isa = PBXBuildFile; fileRef = 3684ED8D297B2A19009559BD /* Awards.json */; };
		3684ED90297F4586009559BD /* ItemListView.swift in Sources */ = {isa = PBXBuildFile; fileRef = 3684ED8F297F4586009559BD /* ItemListView.swift */; };
		3684ED922981CF09009559BD /* ProjectSummaryView.swift in Sources */ = {isa = PBXBuildFile; fileRef = 3684ED912981CF09009559BD /* ProjectSummaryView.swift */; };
		36DDA9572991772B0084E9FA /* UltimateSwiftTests.swift in Sources */ = {isa = PBXBuildFile; fileRef = 36DDA9562991772B0084E9FA /* UltimateSwiftTests.swift */; };
		36DDA95E29917F230084E9FA /* AssetTests.swift in Sources */ = {isa = PBXBuildFile; fileRef = 36DDA95D29917F230084E9FA /* AssetTests.swift */; };
		36DDA96029918C830084E9FA /* ProjectTests.swift in Sources */ = {isa = PBXBuildFile; fileRef = 36DDA95F29918C830084E9FA /* ProjectTests.swift */; };
		36DDA9622992DA470084E9FA /* AwardTests.swift in Sources */ = {isa = PBXBuildFile; fileRef = 36DDA9612992DA470084E9FA /* AwardTests.swift */; };
		36DDA966299585210084E9FA /* DevelopmentTests.swift in Sources */ = {isa = PBXBuildFile; fileRef = 36DDA965299585210084E9FA /* DevelopmentTests.swift */; };
		36DDA96829979E1A0084E9FA /* ExtensionTests.swift in Sources */ = {isa = PBXBuildFile; fileRef = 36DDA96729979E1A0084E9FA /* ExtensionTests.swift */; };
		36DDA96B2997B8BC0084E9FA /* DecodableDictionary.json in Resources */ = {isa = PBXBuildFile; fileRef = 36DDA96A2997B8BC0084E9FA /* DecodableDictionary.json */; };
		36DDA96D2997B9390084E9FA /* DecodableString.json in Resources */ = {isa = PBXBuildFile; fileRef = 36DDA96C2997B9390084E9FA /* DecodableString.json */; };
		36DDA96F299833530084E9FA /* PerformanceTests.swift in Sources */ = {isa = PBXBuildFile; fileRef = 36DDA96E299833520084E9FA /* PerformanceTests.swift */; };
		36DDA977299BED920084E9FA /* UltimateSwiftUITests.swift in Sources */ = {isa = PBXBuildFile; fileRef = 36DDA976299BED920084E9FA /* UltimateSwiftUITests.swift */; };
		36DDA979299BED920084E9FA /* UltimateSwiftUITestsLaunchTests.swift in Sources */ = {isa = PBXBuildFile; fileRef = 36DDA978299BED920084E9FA /* UltimateSwiftUITestsLaunchTests.swift */; };
		36E76E1F29D21A0500CEE274 /* SKProduct-LocalizedPrice+Extension.swift in Sources */ = {isa = PBXBuildFile; fileRef = 36E76E1E29D21A0400CEE274 /* SKProduct-LocalizedPrice+Extension.swift */; };
		36E76E2129D21AEE00CEE274 /* PurchaseButton.swift in Sources */ = {isa = PBXBuildFile; fileRef = 36E76E2029D21AEE00CEE274 /* PurchaseButton.swift */; };
		36E89AA029DF683200FDA169 /* Assets.xcassets in Resources */ = {isa = PBXBuildFile; fileRef = 36EA08192953AA06001CBEA1 /* Assets.xcassets */; };
		36E89AA129DF684E00FDA169 /* Project-CoreDataHelper+Extension.swift in Sources */ = {isa = PBXBuildFile; fileRef = 36EA08AB2960D1FF001CBEA1 /* Project-CoreDataHelper+Extension.swift */; };
		36E89AA229DF685E00FDA169 /* Sequence + Extension.swift in Sources */ = {isa = PBXBuildFile; fileRef = 3620211A29661C0C00F13F5B /* Sequence + Extension.swift */; };
		36E89AA429DF6EA400FDA169 /* DataProvider.swift in Sources */ = {isa = PBXBuildFile; fileRef = 36E89AA329DF6EA400FDA169 /* DataProvider.swift */; };
		36E89AA629DF6EF400FDA169 /* SimpleWidget.swift in Sources */ = {isa = PBXBuildFile; fileRef = 36E89AA529DF6EF400FDA169 /* SimpleWidget.swift */; };
		36E89AA829DF715500FDA169 /* DataControlller-StoreKit+Extension.swift in Sources */ = {isa = PBXBuildFile; fileRef = 36E89AA729DF715500FDA169 /* DataControlller-StoreKit+Extension.swift */; };
		36EA08162953AA03001CBEA1 /* UltimateSwiftApp.swift in Sources */ = {isa = PBXBuildFile; fileRef = 36EA08152953AA03001CBEA1 /* UltimateSwiftApp.swift */; };
		36EA08182953AA03001CBEA1 /* ContentView.swift in Sources */ = {isa = PBXBuildFile; fileRef = 36EA08172953AA03001CBEA1 /* ContentView.swift */; };
		36EA081A2953AA06001CBEA1 /* Assets.xcassets in Resources */ = {isa = PBXBuildFile; fileRef = 36EA08192953AA06001CBEA1 /* Assets.xcassets */; };
		36EA081D2953AA06001CBEA1 /* Preview Assets.xcassets in Resources */ = {isa = PBXBuildFile; fileRef = 36EA081C2953AA06001CBEA1 /* Preview Assets.xcassets */; };
		36EA08252953AAFD001CBEA1 /* Main.xcdatamodeld in Sources */ = {isa = PBXBuildFile; fileRef = 36EA08232953AAFD001CBEA1 /* Main.xcdatamodeld */; };
		36EA087D295E257D001CBEA1 /* DataController.swift in Sources */ = {isa = PBXBuildFile; fileRef = 36EA087C295E257D001CBEA1 /* DataController.swift */; };
		36EA0881295F63E5001CBEA1 /* HomeView.swift in Sources */ = {isa = PBXBuildFile; fileRef = 36EA0880295F63E5001CBEA1 /* HomeView.swift */; };
		36EA0883295F6476001CBEA1 /* ProjectsView.swift in Sources */ = {isa = PBXBuildFile; fileRef = 36EA0882295F6476001CBEA1 /* ProjectsView.swift */; };
		36EA08AA2960D081001CBEA1 /* Item-CoreDataHelper+Extension.swift in Sources */ = {isa = PBXBuildFile; fileRef = 36EA08A92960D081001CBEA1 /* Item-CoreDataHelper+Extension.swift */; };
		36EA08AC2960D1FF001CBEA1 /* Project-CoreDataHelper+Extension.swift in Sources */ = {isa = PBXBuildFile; fileRef = 36EA08AB2960D1FF001CBEA1 /* Project-CoreDataHelper+Extension.swift */; };
		36EA08AE2960D698001CBEA1 /* EditItemView.swift in Sources */ = {isa = PBXBuildFile; fileRef = 36EA08AD2960D698001CBEA1 /* EditItemView.swift */; };
/* End PBXBuildFile section */

/* Begin PBXContainerItemProxy section */
		3677111229DA09BC00F7CB82 /* PBXContainerItemProxy */ = {
			isa = PBXContainerItemProxy;
			containerPortal = 36EA080A2953AA03001CBEA1 /* Project object */;
			proxyType = 1;
			remoteGlobalIDString = 367710FE29DA09B700F7CB82;
			remoteInfo = UltimateSwiftWidgetExtension;
		};
		36DDA9582991772B0084E9FA /* PBXContainerItemProxy */ = {
			isa = PBXContainerItemProxy;
			containerPortal = 36EA080A2953AA03001CBEA1 /* Project object */;
			proxyType = 1;
			remoteGlobalIDString = 36EA08112953AA03001CBEA1;
			remoteInfo = UltimateSwift;
		};
		36DDA97A299BED920084E9FA /* PBXContainerItemProxy */ = {
			isa = PBXContainerItemProxy;
			containerPortal = 36EA080A2953AA03001CBEA1 /* Project object */;
			proxyType = 1;
			remoteGlobalIDString = 36EA08112953AA03001CBEA1;
			remoteInfo = UltimateSwift;
		};
/* End PBXContainerItemProxy section */

/* Begin PBXCopyFilesBuildPhase section */
		3677111529DA09BC00F7CB82 /* Embed Foundation Extensions */ = {
			isa = PBXCopyFilesBuildPhase;
			buildActionMask = 2147483647;
			dstPath = "";
			dstSubfolderSpec = 13;
			files = (
				3677111429DA09BC00F7CB82 /* UltimateSwiftWidgetExtension.appex in Embed Foundation Extensions */,
			);
			name = "Embed Foundation Extensions";
			runOnlyForDeploymentPostprocessing = 0;
		};
/* End PBXCopyFilesBuildPhase section */

/* Begin PBXFileReference section */
		362020E62962052200F13F5B /* ItemRowView.swift */ = {isa = PBXFileReference; lastKnownFileType = sourcecode.swift; path = ItemRowView.swift; sourceTree = "<group>"; };
		362020E829620C1A00F13F5B /* Binding-onChange+Extension.swift */ = {isa = PBXFileReference; lastKnownFileType = sourcecode.swift; path = "Binding-onChange+Extension.swift"; sourceTree = "<group>"; };
		362020EB29646CA800F13F5B /* ProjectHeaderView.swift */ = {isa = PBXFileReference; lastKnownFileType = sourcecode.swift; path = ProjectHeaderView.swift; sourceTree = "<group>"; };
		362020ED2964706300F13F5B /* Colors.xcassets */ = {isa = PBXFileReference; lastKnownFileType = folder.assetcatalog; path = Colors.xcassets; sourceTree = "<group>"; };
		362020EF2964719200F13F5B /* EditProjectView.swift */ = {isa = PBXFileReference; lastKnownFileType = sourcecode.swift; path = EditProjectView.swift; sourceTree = "<group>"; };
		3620211A29661C0C00F13F5B /* Sequence + Extension.swift */ = {isa = PBXFileReference; lastKnownFileType = sourcecode.swift; path = "Sequence + Extension.swift"; sourceTree = "<group>"; };
		3620211C296762BD00F13F5B /* SelectSomethingView.swift */ = {isa = PBXFileReference; lastKnownFileType = sourcecode.swift; path = SelectSomethingView.swift; sourceTree = "<group>"; };
		3620211E2968BE7800F13F5B /* Bundle+Extension.swift */ = {isa = PBXFileReference; lastKnownFileType = sourcecode.swift; path = "Bundle+Extension.swift"; sourceTree = "<group>"; };
		362021222968C2C800F13F5B /* Award.swift */ = {isa = PBXFileReference; lastKnownFileType = sourcecode.swift; path = Award.swift; sourceTree = "<group>"; };
		362021242968C34800F13F5B /* AwardsView.swift */ = {isa = PBXFileReference; lastKnownFileType = sourcecode.swift; path = AwardsView.swift; sourceTree = "<group>"; };
		362DD8B02977380E0042ABF7 /* Color-Additions+Extension.swift */ = {isa = PBXFileReference; lastKnownFileType = sourcecode.swift; path = "Color-Additions+Extension.swift"; sourceTree = "<group>"; };
		3647C95D29D2207C0055FC02 /* ProductView.swift */ = {isa = PBXFileReference; lastKnownFileType = sourcecode.swift; path = ProductView.swift; sourceTree = "<group>"; };
		3647C95F29D2214F0055FC02 /* UnlockView.swift */ = {isa = PBXFileReference; lastKnownFileType = sourcecode.swift; path = UnlockView.swift; sourceTree = "<group>"; };
		3647C96229D61CBF0055FC02 /* AppDelegate.swift */ = {isa = PBXFileReference; lastKnownFileType = sourcecode.swift; path = AppDelegate.swift; sourceTree = "<group>"; };
		3647C96429D61E0D0055FC02 /* SceneDelegate.swift */ = {isa = PBXFileReference; lastKnownFileType = sourcecode.swift; path = SceneDelegate.swift; sourceTree = "<group>"; };
		365DE83729A408C500ECE3AA /* ProjectsViewModel.swift */ = {isa = PBXFileReference; lastKnownFileType = sourcecode.swift; path = ProjectsViewModel.swift; sourceTree = "<group>"; };
		366C731929BA67F5009AF437 /* HomeViewModel.swift */ = {isa = PBXFileReference; lastKnownFileType = sourcecode.swift; path = HomeViewModel.swift; sourceTree = "<group>"; };
		366C731B29BD20B7009AF437 /* ItemRowViewModel.swift */ = {isa = PBXFileReference; lastKnownFileType = sourcecode.swift; path = ItemRowViewModel.swift; sourceTree = "<group>"; };
		366C732429C4E538009AF437 /* UnlockManager.swift */ = {isa = PBXFileReference; lastKnownFileType = sourcecode.swift; path = UnlockManager.swift; sourceTree = "<group>"; };
		366C732629C4E75C009AF437 /* StoreKitConfig.storekit */ = {isa = PBXFileReference; lastKnownFileType = text; path = StoreKitConfig.storekit; sourceTree = "<group>"; };
		367710FF29DA09B700F7CB82 /* UltimateSwiftWidgetExtension.appex */ = {isa = PBXFileReference; explicitFileType = "wrapper.app-extension"; includeInIndex = 0; path = UltimateSwiftWidgetExtension.appex; sourceTree = BUILT_PRODUCTS_DIR; };
		3677110129DA09B700F7CB82 /* WidgetKit.framework */ = {isa = PBXFileReference; lastKnownFileType = wrapper.framework; name = WidgetKit.framework; path = System/Library/Frameworks/WidgetKit.framework; sourceTree = SDKROOT; };
		3677110329DA09B700F7CB82 /* SwiftUI.framework */ = {isa = PBXFileReference; lastKnownFileType = wrapper.framework; name = SwiftUI.framework; path = System/Library/Frameworks/SwiftUI.framework; sourceTree = SDKROOT; };
		3677110629DA09B700F7CB82 /* UltimateSwiftWidgetBundle.swift */ = {isa = PBXFileReference; lastKnownFileType = sourcecode.swift; path = UltimateSwiftWidgetBundle.swift; sourceTree = "<group>"; };
		3677110A29DA09B700F7CB82 /* ComplexWidget.swift */ = {isa = PBXFileReference; lastKnownFileType = sourcecode.swift; path = ComplexWidget.swift; sourceTree = "<group>"; };
		3677110C29DA09B800F7CB82 /* UltimateSwiftWidget.intentdefinition */ = {isa = PBXFileReference; lastKnownFileType = file.intentdefinition; path = UltimateSwiftWidget.intentdefinition; sourceTree = "<group>"; };
		3677110D29DA09BC00F7CB82 /* Assets.xcassets */ = {isa = PBXFileReference; lastKnownFileType = folder.assetcatalog; path = Assets.xcassets; sourceTree = "<group>"; };
		3677110F29DA09BC00F7CB82 /* Info.plist */ = {isa = PBXFileReference; lastKnownFileType = text.plist.xml; path = Info.plist; sourceTree = "<group>"; };
		3677111E29DA0C1200F7CB82 /* DataController-Reminders+Extension.swift */ = {isa = PBXFileReference; lastKnownFileType = sourcecode.swift; path = "DataController-Reminders+Extension.swift"; sourceTree = "<group>"; };
		3677112029DA0CA400F7CB82 /* DataController-Awards+Extension.swift */ = {isa = PBXFileReference; lastKnownFileType = sourcecode.swift; path = "DataController-Awards+Extension.swift"; sourceTree = "<group>"; };
		3677112329DB6C9A00F7CB82 /* UltimateSwiftWidgetExtension.entitlements */ = {isa = PBXFileReference; lastKnownFileType = text.plist.entitlements; path = UltimateSwiftWidgetExtension.entitlements; sourceTree = "<group>"; };
		3684ED84297B26CB009559BD /* en */ = {isa = PBXFileReference; lastKnownFileType = text.plist.strings; name = en; path = en.lproj/Localizable.strings; sourceTree = "<group>"; };
		3684ED86297B26DB009559BD /* ru */ = {isa = PBXFileReference; lastKnownFileType = text.plist.strings; name = ru; path = ru.lproj/Localizable.strings; sourceTree = "<group>"; };
		3684ED88297B28F0009559BD /* en */ = {isa = PBXFileReference; lastKnownFileType = text.plist.stringsdict; name = en; path = en.lproj/Localizable.stringsdict; sourceTree = "<group>"; };
		3684ED8A297B28F8009559BD /* ru */ = {isa = PBXFileReference; lastKnownFileType = text.plist.stringsdict; name = ru; path = ru.lproj/Localizable.stringsdict; sourceTree = "<group>"; };
		3684ED8C297B2A19009559BD /* en */ = {isa = PBXFileReference; lastKnownFileType = text.json; name = en; path = en.lproj/Awards.json; sourceTree = "<group>"; };
		3684ED8E297B2A1E009559BD /* ru */ = {isa = PBXFileReference; lastKnownFileType = text.json; name = ru; path = ru.lproj/Awards.json; sourceTree = "<group>"; };
		3684ED8F297F4586009559BD /* ItemListView.swift */ = {isa = PBXFileReference; lastKnownFileType = sourcecode.swift; path = ItemListView.swift; sourceTree = "<group>"; };
		3684ED912981CF09009559BD /* ProjectSummaryView.swift */ = {isa = PBXFileReference; lastKnownFileType = sourcecode.swift; path = ProjectSummaryView.swift; sourceTree = "<group>"; };
		36DDA9542991772B0084E9FA /* UltimateSwiftTests.xctest */ = {isa = PBXFileReference; explicitFileType = wrapper.cfbundle; includeInIndex = 0; path = UltimateSwiftTests.xctest; sourceTree = BUILT_PRODUCTS_DIR; };
		36DDA9562991772B0084E9FA /* UltimateSwiftTests.swift */ = {isa = PBXFileReference; lastKnownFileType = sourcecode.swift; path = UltimateSwiftTests.swift; sourceTree = "<group>"; };
		36DDA95D29917F230084E9FA /* AssetTests.swift */ = {isa = PBXFileReference; lastKnownFileType = sourcecode.swift; path = AssetTests.swift; sourceTree = "<group>"; };
		36DDA95F29918C830084E9FA /* ProjectTests.swift */ = {isa = PBXFileReference; lastKnownFileType = sourcecode.swift; path = ProjectTests.swift; sourceTree = "<group>"; };
		36DDA9612992DA470084E9FA /* AwardTests.swift */ = {isa = PBXFileReference; lastKnownFileType = sourcecode.swift; path = AwardTests.swift; sourceTree = "<group>"; };
		36DDA965299585210084E9FA /* DevelopmentTests.swift */ = {isa = PBXFileReference; lastKnownFileType = sourcecode.swift; path = DevelopmentTests.swift; sourceTree = "<group>"; };
		36DDA96729979E1A0084E9FA /* ExtensionTests.swift */ = {isa = PBXFileReference; lastKnownFileType = sourcecode.swift; path = ExtensionTests.swift; sourceTree = "<group>"; };
		36DDA96A2997B8BC0084E9FA /* DecodableDictionary.json */ = {isa = PBXFileReference; lastKnownFileType = text.json; path = DecodableDictionary.json; sourceTree = "<group>"; };
		36DDA96C2997B9390084E9FA /* DecodableString.json */ = {isa = PBXFileReference; lastKnownFileType = text.json; path = DecodableString.json; sourceTree = "<group>"; };
		36DDA96E299833520084E9FA /* PerformanceTests.swift */ = {isa = PBXFileReference; lastKnownFileType = sourcecode.swift; path = PerformanceTests.swift; sourceTree = "<group>"; };
		36DDA974299BED920084E9FA /* UltimateSwiftUITests.xctest */ = {isa = PBXFileReference; explicitFileType = wrapper.cfbundle; includeInIndex = 0; path = UltimateSwiftUITests.xctest; sourceTree = BUILT_PRODUCTS_DIR; };
		36DDA976299BED920084E9FA /* UltimateSwiftUITests.swift */ = {isa = PBXFileReference; lastKnownFileType = sourcecode.swift; path = UltimateSwiftUITests.swift; sourceTree = "<group>"; };
		36DDA978299BED920084E9FA /* UltimateSwiftUITestsLaunchTests.swift */ = {isa = PBXFileReference; lastKnownFileType = sourcecode.swift; path = UltimateSwiftUITestsLaunchTests.swift; sourceTree = "<group>"; };
		36E76E1E29D21A0400CEE274 /* SKProduct-LocalizedPrice+Extension.swift */ = {isa = PBXFileReference; lastKnownFileType = sourcecode.swift; path = "SKProduct-LocalizedPrice+Extension.swift"; sourceTree = "<group>"; };
		36E76E2029D21AEE00CEE274 /* PurchaseButton.swift */ = {isa = PBXFileReference; lastKnownFileType = sourcecode.swift; path = PurchaseButton.swift; sourceTree = "<group>"; };
		36E89AA329DF6EA400FDA169 /* DataProvider.swift */ = {isa = PBXFileReference; lastKnownFileType = sourcecode.swift; path = DataProvider.swift; sourceTree = "<group>"; };
		36E89AA529DF6EF400FDA169 /* SimpleWidget.swift */ = {isa = PBXFileReference; lastKnownFileType = sourcecode.swift; path = SimpleWidget.swift; sourceTree = "<group>"; };
		36E89AA729DF715500FDA169 /* DataControlller-StoreKit+Extension.swift */ = {isa = PBXFileReference; lastKnownFileType = sourcecode.swift; path = "DataControlller-StoreKit+Extension.swift"; sourceTree = "<group>"; };
		36EA08122953AA03001CBEA1 /* UltimateSwift.app */ = {isa = PBXFileReference; explicitFileType = wrapper.application; includeInIndex = 0; path = UltimateSwift.app; sourceTree = BUILT_PRODUCTS_DIR; };
		36EA08152953AA03001CBEA1 /* UltimateSwiftApp.swift */ = {isa = PBXFileReference; lastKnownFileType = sourcecode.swift; path = UltimateSwiftApp.swift; sourceTree = "<group>"; };
		36EA08172953AA03001CBEA1 /* ContentView.swift */ = {isa = PBXFileReference; lastKnownFileType = sourcecode.swift; path = ContentView.swift; sourceTree = "<group>"; };
		36EA08192953AA06001CBEA1 /* Assets.xcassets */ = {isa = PBXFileReference; lastKnownFileType = folder.assetcatalog; path = Assets.xcassets; sourceTree = "<group>"; };
		36EA081C2953AA06001CBEA1 /* Preview Assets.xcassets */ = {isa = PBXFileReference; lastKnownFileType = folder.assetcatalog; path = "Preview Assets.xcassets"; sourceTree = "<group>"; };
		36EA08242953AAFD001CBEA1 /* Main.xcdatamodel */ = {isa = PBXFileReference; lastKnownFileType = wrapper.xcdatamodel; path = Main.xcdatamodel; sourceTree = "<group>"; };
		36EA087C295E257D001CBEA1 /* DataController.swift */ = {isa = PBXFileReference; lastKnownFileType = sourcecode.swift; path = DataController.swift; sourceTree = "<group>"; };
		36EA087E295F6301001CBEA1 /* UltimateSwift.entitlements */ = {isa = PBXFileReference; lastKnownFileType = text.plist.entitlements; path = UltimateSwift.entitlements; sourceTree = "<group>"; };
		36EA087F295F630E001CBEA1 /* Info.plist */ = {isa = PBXFileReference; lastKnownFileType = text.plist; path = Info.plist; sourceTree = "<group>"; };
		36EA0880295F63E5001CBEA1 /* HomeView.swift */ = {isa = PBXFileReference; lastKnownFileType = sourcecode.swift; path = HomeView.swift; sourceTree = "<group>"; };
		36EA0882295F6476001CBEA1 /* ProjectsView.swift */ = {isa = PBXFileReference; lastKnownFileType = sourcecode.swift; path = ProjectsView.swift; sourceTree = "<group>"; };
		36EA08A92960D081001CBEA1 /* Item-CoreDataHelper+Extension.swift */ = {isa = PBXFileReference; lastKnownFileType = sourcecode.swift; path = "Item-CoreDataHelper+Extension.swift"; sourceTree = "<group>"; };
		36EA08AB2960D1FF001CBEA1 /* Project-CoreDataHelper+Extension.swift */ = {isa = PBXFileReference; lastKnownFileType = sourcecode.swift; path = "Project-CoreDataHelper+Extension.swift"; sourceTree = "<group>"; };
		36EA08AD2960D698001CBEA1 /* EditItemView.swift */ = {isa = PBXFileReference; lastKnownFileType = sourcecode.swift; path = EditItemView.swift; sourceTree = "<group>"; };
/* End PBXFileReference section */

/* Begin PBXFrameworksBuildPhase section */
		367710FC29DA09B700F7CB82 /* Frameworks */ = {
			isa = PBXFrameworksBuildPhase;
			buildActionMask = 2147483647;
			files = (
				3677110429DA09B700F7CB82 /* SwiftUI.framework in Frameworks */,
				3677110229DA09B700F7CB82 /* WidgetKit.framework in Frameworks */,
			);
			runOnlyForDeploymentPostprocessing = 0;
		};
		36DDA9512991772B0084E9FA /* Frameworks */ = {
			isa = PBXFrameworksBuildPhase;
			buildActionMask = 2147483647;
			files = (
			);
			runOnlyForDeploymentPostprocessing = 0;
		};
		36DDA971299BED920084E9FA /* Frameworks */ = {
			isa = PBXFrameworksBuildPhase;
			buildActionMask = 2147483647;
			files = (
			);
			runOnlyForDeploymentPostprocessing = 0;
		};
		36EA080F2953AA03001CBEA1 /* Frameworks */ = {
			isa = PBXFrameworksBuildPhase;
			buildActionMask = 2147483647;
			files = (
			);
			runOnlyForDeploymentPostprocessing = 0;
		};
/* End PBXFrameworksBuildPhase section */

/* Begin PBXGroup section */
		362020EA29620E0B00F13F5B /* Extensions */ = {
			isa = PBXGroup;
			children = (
				36DDA94829902C550084E9FA /* Models */,
				362020E829620C1A00F13F5B /* Binding-onChange+Extension.swift */,
				3620211A29661C0C00F13F5B /* Sequence + Extension.swift */,
				3620211E2968BE7800F13F5B /* Bundle+Extension.swift */,
				362DD8B02977380E0042ABF7 /* Color-Additions+Extension.swift */,
				36E76E1E29D21A0400CEE274 /* SKProduct-LocalizedPrice+Extension.swift */,
				3677111E29DA0C1200F7CB82 /* DataController-Reminders+Extension.swift */,
				3677112029DA0CA400F7CB82 /* DataController-Awards+Extension.swift */,
				36E89AA729DF715500FDA169 /* DataControlller-StoreKit+Extension.swift */,
			);
			path = Extensions;
			sourceTree = "<group>";
		};
		3647C96129D381C00055FC02 /* Unlock */ = {
			isa = PBXGroup;
			children = (
				366C732429C4E538009AF437 /* UnlockManager.swift */,
				3647C95F29D2214F0055FC02 /* UnlockView.swift */,
				36E76E2029D21AEE00CEE274 /* PurchaseButton.swift */,
				3647C95D29D2207C0055FC02 /* ProductView.swift */,
			);
			path = Unlock;
			sourceTree = "<group>";
		};
		3677110029DA09B700F7CB82 /* Frameworks */ = {
			isa = PBXGroup;
			children = (
				3677110129DA09B700F7CB82 /* WidgetKit.framework */,
				3677110329DA09B700F7CB82 /* SwiftUI.framework */,
			);
			name = Frameworks;
			sourceTree = "<group>";
		};
		3677110529DA09B700F7CB82 /* UltimateSwiftWidget */ = {
			isa = PBXGroup;
			children = (
				3677110629DA09B700F7CB82 /* UltimateSwiftWidgetBundle.swift */,
				3677110A29DA09B700F7CB82 /* ComplexWidget.swift */,
				3677110C29DA09B800F7CB82 /* UltimateSwiftWidget.intentdefinition */,
				3677110D29DA09BC00F7CB82 /* Assets.xcassets */,
				3677110F29DA09BC00F7CB82 /* Info.plist */,
				36E89AA329DF6EA400FDA169 /* DataProvider.swift */,
				36E89AA529DF6EF400FDA169 /* SimpleWidget.swift */,
			);
			path = UltimateSwiftWidget;
			sourceTree = "<group>";
		};
		36DDA94829902C550084E9FA /* Models */ = {
			isa = PBXGroup;
			children = (
				36EA08A92960D081001CBEA1 /* Item-CoreDataHelper+Extension.swift */,
				36EA08AB2960D1FF001CBEA1 /* Project-CoreDataHelper+Extension.swift */,
			);
			path = Models;
			sourceTree = "<group>";
		};
		36DDA94B29902D0A0084E9FA /* Localization */ = {
			isa = PBXGroup;
			children = (
				3684ED85297B26CB009559BD /* Localizable.strings */,
				3684ED89297B28F0009559BD /* Localizable.stringsdict */,
			);
			path = Localization;
			sourceTree = "<group>";
		};
		36DDA94C29902F430084E9FA /* Screens */ = {
			isa = PBXGroup;
			children = (
				3647C96129D381C00055FC02 /* Unlock */,
				36DDA94E29902F630084E9FA /* Projects */,
				36DDA94D29902F5B0084E9FA /* Home */,
				36DDA94F29902F690084E9FA /* Awards */,
			);
			path = Screens;
			sourceTree = "<group>";
		};
		36DDA94D29902F5B0084E9FA /* Home */ = {
			isa = PBXGroup;
			children = (
				36EA0880295F63E5001CBEA1 /* HomeView.swift */,
				3684ED8F297F4586009559BD /* ItemListView.swift */,
				3684ED912981CF09009559BD /* ProjectSummaryView.swift */,
				366C731929BA67F5009AF437 /* HomeViewModel.swift */,
			);
			path = Home;
			sourceTree = "<group>";
		};
		36DDA94E29902F630084E9FA /* Projects */ = {
			isa = PBXGroup;
			children = (
				36EA0882295F6476001CBEA1 /* ProjectsView.swift */,
				3620211C296762BD00F13F5B /* SelectSomethingView.swift */,
				362020EB29646CA800F13F5B /* ProjectHeaderView.swift */,
				362020E62962052200F13F5B /* ItemRowView.swift */,
				36EA08AD2960D698001CBEA1 /* EditItemView.swift */,
				362020EF2964719200F13F5B /* EditProjectView.swift */,
				365DE83729A408C500ECE3AA /* ProjectsViewModel.swift */,
				366C731B29BD20B7009AF437 /* ItemRowViewModel.swift */,
			);
			path = Projects;
			sourceTree = "<group>";
		};
		36DDA94F29902F690084E9FA /* Awards */ = {
			isa = PBXGroup;
			children = (
				362021242968C34800F13F5B /* AwardsView.swift */,
				362021222968C2C800F13F5B /* Award.swift */,
				3684ED8D297B2A19009559BD /* Awards.json */,
			);
			path = Awards;
			sourceTree = "<group>";
		};
		36DDA9552991772B0084E9FA /* UltimateSwiftTests */ = {
			isa = PBXGroup;
			children = (
				36DDA9692997B8800084E9FA /* Fixtures */,
				36DDA9562991772B0084E9FA /* UltimateSwiftTests.swift */,
				36DDA95D29917F230084E9FA /* AssetTests.swift */,
				36DDA95F29918C830084E9FA /* ProjectTests.swift */,
				36DDA9612992DA470084E9FA /* AwardTests.swift */,
				36DDA965299585210084E9FA /* DevelopmentTests.swift */,
				36DDA96729979E1A0084E9FA /* ExtensionTests.swift */,
				36DDA96E299833520084E9FA /* PerformanceTests.swift */,
			);
			path = UltimateSwiftTests;
			sourceTree = "<group>";
		};
		36DDA9692997B8800084E9FA /* Fixtures */ = {
			isa = PBXGroup;
			children = (
				36DDA96A2997B8BC0084E9FA /* DecodableDictionary.json */,
				36DDA96C2997B9390084E9FA /* DecodableString.json */,
			);
			path = Fixtures;
			sourceTree = "<group>";
		};
		36DDA975299BED920084E9FA /* UltimateSwiftUITests */ = {
			isa = PBXGroup;
			children = (
				36DDA976299BED920084E9FA /* UltimateSwiftUITests.swift */,
				36DDA978299BED920084E9FA /* UltimateSwiftUITestsLaunchTests.swift */,
			);
			path = UltimateSwiftUITests;
			sourceTree = "<group>";
		};
		36EA08092953AA03001CBEA1 = {
			isa = PBXGroup;
			children = (
				3677112329DB6C9A00F7CB82 /* UltimateSwiftWidgetExtension.entitlements */,
				36EA08142953AA03001CBEA1 /* UltimateSwift */,
				36DDA9552991772B0084E9FA /* UltimateSwiftTests */,
				36DDA975299BED920084E9FA /* UltimateSwiftUITests */,
				3677110529DA09B700F7CB82 /* UltimateSwiftWidget */,
				3677110029DA09B700F7CB82 /* Frameworks */,
				36EA08132953AA03001CBEA1 /* Products */,
			);
			sourceTree = "<group>";
		};
		36EA08132953AA03001CBEA1 /* Products */ = {
			isa = PBXGroup;
			children = (
				36EA08122953AA03001CBEA1 /* UltimateSwift.app */,
				36DDA9542991772B0084E9FA /* UltimateSwiftTests.xctest */,
				36DDA974299BED920084E9FA /* UltimateSwiftUITests.xctest */,
				367710FF29DA09B700F7CB82 /* UltimateSwiftWidgetExtension.appex */,
			);
			name = Products;
			sourceTree = "<group>";
		};
		36EA08142953AA03001CBEA1 /* UltimateSwift */ = {
			isa = PBXGroup;
			children = (
				36DDA94C29902F430084E9FA /* Screens */,
				36EA087F295F630E001CBEA1 /* Info.plist */,
				36EA087E295F6301001CBEA1 /* UltimateSwift.entitlements */,
				36EA08152953AA03001CBEA1 /* UltimateSwiftApp.swift */,
				36EA08172953AA03001CBEA1 /* ContentView.swift */,
				36EA087C295E257D001CBEA1 /* DataController.swift */,
				366C732629C4E75C009AF437 /* StoreKitConfig.storekit */,
				36EA08192953AA06001CBEA1 /* Assets.xcassets */,
				36EA081B2953AA06001CBEA1 /* Preview Content */,
				36EA08232953AAFD001CBEA1 /* Main.xcdatamodeld */,
				362020EA29620E0B00F13F5B /* Extensions */,
				362020ED2964706300F13F5B /* Colors.xcassets */,
				36DDA94B29902D0A0084E9FA /* Localization */,
				3647C96229D61CBF0055FC02 /* AppDelegate.swift */,
				3647C96429D61E0D0055FC02 /* SceneDelegate.swift */,
			);
			path = UltimateSwift;
			sourceTree = "<group>";
		};
		36EA081B2953AA06001CBEA1 /* Preview Content */ = {
			isa = PBXGroup;
			children = (
				36EA081C2953AA06001CBEA1 /* Preview Assets.xcassets */,
			);
			path = "Preview Content";
			sourceTree = "<group>";
		};
/* End PBXGroup section */

/* Begin PBXNativeTarget section */
		367710FE29DA09B700F7CB82 /* UltimateSwiftWidgetExtension */ = {
			isa = PBXNativeTarget;
			buildConfigurationList = 3677111829DA09BC00F7CB82 /* Build configuration list for PBXNativeTarget "UltimateSwiftWidgetExtension" */;
			buildPhases = (
				367710FB29DA09B700F7CB82 /* Sources */,
				367710FC29DA09B700F7CB82 /* Frameworks */,
				367710FD29DA09B700F7CB82 /* Resources */,
			);
			buildRules = (
			);
			dependencies = (
			);
			name = UltimateSwiftWidgetExtension;
			productName = UltimateSwiftWidgetExtension;
			productReference = 367710FF29DA09B700F7CB82 /* UltimateSwiftWidgetExtension.appex */;
			productType = "com.apple.product-type.app-extension";
		};
		36DDA9532991772B0084E9FA /* UltimateSwiftTests */ = {
			isa = PBXNativeTarget;
			buildConfigurationList = 36DDA95C2991772B0084E9FA /* Build configuration list for PBXNativeTarget "UltimateSwiftTests" */;
			buildPhases = (
				36DDA9502991772B0084E9FA /* Sources */,
				36DDA9512991772B0084E9FA /* Frameworks */,
				36DDA9522991772B0084E9FA /* Resources */,
			);
			buildRules = (
			);
			dependencies = (
				36DDA9592991772B0084E9FA /* PBXTargetDependency */,
			);
			name = UltimateSwiftTests;
			productName = UltimateSwiftTests;
			productReference = 36DDA9542991772B0084E9FA /* UltimateSwiftTests.xctest */;
			productType = "com.apple.product-type.bundle.unit-test";
		};
		36DDA973299BED920084E9FA /* UltimateSwiftUITests */ = {
			isa = PBXNativeTarget;
			buildConfigurationList = 36DDA97E299BED920084E9FA /* Build configuration list for PBXNativeTarget "UltimateSwiftUITests" */;
			buildPhases = (
				36DDA970299BED920084E9FA /* Sources */,
				36DDA971299BED920084E9FA /* Frameworks */,
				36DDA972299BED920084E9FA /* Resources */,
			);
			buildRules = (
			);
			dependencies = (
				36DDA97B299BED920084E9FA /* PBXTargetDependency */,
			);
			name = UltimateSwiftUITests;
			productName = UltimateSwiftUITests;
			productReference = 36DDA974299BED920084E9FA /* UltimateSwiftUITests.xctest */;
			productType = "com.apple.product-type.bundle.ui-testing";
		};
		36EA08112953AA03001CBEA1 /* UltimateSwift */ = {
			isa = PBXNativeTarget;
			buildConfigurationList = 36EA08202953AA06001CBEA1 /* Build configuration list for PBXNativeTarget "UltimateSwift" */;
			buildPhases = (
				36DDA947298E97900084E9FA /* SwiftLint */,
				36EA080E2953AA03001CBEA1 /* Sources */,
				36EA080F2953AA03001CBEA1 /* Frameworks */,
				36EA08102953AA03001CBEA1 /* Resources */,
				3677111529DA09BC00F7CB82 /* Embed Foundation Extensions */,
			);
			buildRules = (
			);
			dependencies = (
				3677111329DA09BC00F7CB82 /* PBXTargetDependency */,
			);
			name = UltimateSwift;
			productName = UltimateSwift;
			productReference = 36EA08122953AA03001CBEA1 /* UltimateSwift.app */;
			productType = "com.apple.product-type.application";
		};
/* End PBXNativeTarget section */

/* Begin PBXProject section */
		36EA080A2953AA03001CBEA1 /* Project object */ = {
			isa = PBXProject;
			attributes = {
				BuildIndependentTargetsInParallel = 1;
				LastSwiftUpdateCheck = 1430;
				LastUpgradeCheck = 1430;
				TargetAttributes = {
					367710FE29DA09B700F7CB82 = {
						CreatedOnToolsVersion = 14.3;
					};
					36DDA9532991772B0084E9FA = {
						CreatedOnToolsVersion = 14.2;
						TestTargetID = 36EA08112953AA03001CBEA1;
					};
					36DDA973299BED920084E9FA = {
						CreatedOnToolsVersion = 14.2;
						TestTargetID = 36EA08112953AA03001CBEA1;
					};
					36EA08112953AA03001CBEA1 = {
						CreatedOnToolsVersion = 14.2;
					};
				};
			};
			buildConfigurationList = 36EA080D2953AA03001CBEA1 /* Build configuration list for PBXProject "UltimateSwift" */;
			compatibilityVersion = "Xcode 14.0";
			developmentRegion = en;
			hasScannedForEncodings = 0;
			knownRegions = (
				en,
				Base,
				ru,
			);
			mainGroup = 36EA08092953AA03001CBEA1;
			productRefGroup = 36EA08132953AA03001CBEA1 /* Products */;
			projectDirPath = "";
			projectRoot = "";
			targets = (
				36EA08112953AA03001CBEA1 /* UltimateSwift */,
				36DDA9532991772B0084E9FA /* UltimateSwiftTests */,
				36DDA973299BED920084E9FA /* UltimateSwiftUITests */,
				367710FE29DA09B700F7CB82 /* UltimateSwiftWidgetExtension */,
			);
		};
/* End PBXProject section */

/* Begin PBXResourcesBuildPhase section */
		367710FD29DA09B700F7CB82 /* Resources */ = {
			isa = PBXResourcesBuildPhase;
			buildActionMask = 2147483647;
			files = (
				3677110E29DA09BC00F7CB82 /* Assets.xcassets in Resources */,
				36E89AA029DF683200FDA169 /* Assets.xcassets in Resources */,
				3677112429DE121E00F7CB82 /* Localizable.strings in Resources */,
			);
			runOnlyForDeploymentPostprocessing = 0;
		};
		36DDA9522991772B0084E9FA /* Resources */ = {
			isa = PBXResourcesBuildPhase;
			buildActionMask = 2147483647;
			files = (
				36DDA96D2997B9390084E9FA /* DecodableString.json in Resources */,
				36DDA96B2997B8BC0084E9FA /* DecodableDictionary.json in Resources */,
			);
			runOnlyForDeploymentPostprocessing = 0;
		};
		36DDA972299BED920084E9FA /* Resources */ = {
			isa = PBXResourcesBuildPhase;
			buildActionMask = 2147483647;
			files = (
			);
			runOnlyForDeploymentPostprocessing = 0;
		};
		36EA08102953AA03001CBEA1 /* Resources */ = {
			isa = PBXResourcesBuildPhase;
			buildActionMask = 2147483647;
			files = (
				3684ED83297B26CB009559BD /* Localizable.strings in Resources */,
				362020EE2964706300F13F5B /* Colors.xcassets in Resources */,
				3684ED8B297B2A19009559BD /* Awards.json in Resources */,
				36EA081D2953AA06001CBEA1 /* Preview Assets.xcassets in Resources */,
				36EA081A2953AA06001CBEA1 /* Assets.xcassets in Resources */,
				3684ED87297B28F0009559BD /* Localizable.stringsdict in Resources */,
			);
			runOnlyForDeploymentPostprocessing = 0;
		};
/* End PBXResourcesBuildPhase section */

/* Begin PBXShellScriptBuildPhase section */
		36DDA947298E97900084E9FA /* SwiftLint */ = {
			isa = PBXShellScriptBuildPhase;
			buildActionMask = 2147483647;
			files = (
			);
			inputFileListPaths = (
			);
			inputPaths = (
			);
			name = SwiftLint;
			outputFileListPaths = (
			);
			outputPaths = (
			);
			runOnlyForDeploymentPostprocessing = 0;
			shellPath = /bin/sh;
			shellScript = "if which swiftlint >/dev/null; then\n  swiftlint\nelse\n  echo \"warning: SwiftLint not installed, download from https://github.com/realm/SwiftLint\"\nfi\n";
		};
/* End PBXShellScriptBuildPhase section */

/* Begin PBXSourcesBuildPhase section */
		367710FB29DA09B700F7CB82 /* Sources */ = {
			isa = PBXSourcesBuildPhase;
			buildActionMask = 2147483647;
			files = (
				36E89AA129DF684E00FDA169 /* Project-CoreDataHelper+Extension.swift in Sources */,
				36E89AA629DF6EF400FDA169 /* SimpleWidget.swift in Sources */,
				3677112229DA0DE300F7CB82 /* DataController.swift in Sources */,
				3677110B29DA09B700F7CB82 /* ComplexWidget.swift in Sources */,
				3677110729DA09B700F7CB82 /* UltimateSwiftWidgetBundle.swift in Sources */,
				36E89AA229DF685E00FDA169 /* Sequence + Extension.swift in Sources */,
				3677111029DA09BC00F7CB82 /* UltimateSwiftWidget.intentdefinition in Sources */,
				36E89AA429DF6EA400FDA169 /* DataProvider.swift in Sources */,
				3677111929DA0AFB00F7CB82 /* Main.xcdatamodeld in Sources */,
				3677111A29DA0B2300F7CB82 /* Item-CoreDataHelper+Extension.swift in Sources */,
			);
			runOnlyForDeploymentPostprocessing = 0;
		};
		36DDA9502991772B0084E9FA /* Sources */ = {
			isa = PBXSourcesBuildPhase;
			buildActionMask = 2147483647;
			files = (
				36DDA96F299833530084E9FA /* PerformanceTests.swift in Sources */,
				36DDA95E29917F230084E9FA /* AssetTests.swift in Sources */,
				36DDA9622992DA470084E9FA /* AwardTests.swift in Sources */,
				36DDA9572991772B0084E9FA /* UltimateSwiftTests.swift in Sources */,
				36DDA96829979E1A0084E9FA /* ExtensionTests.swift in Sources */,
				36DDA96029918C830084E9FA /* ProjectTests.swift in Sources */,
				36DDA966299585210084E9FA /* DevelopmentTests.swift in Sources */,
			);
			runOnlyForDeploymentPostprocessing = 0;
		};
		36DDA970299BED920084E9FA /* Sources */ = {
			isa = PBXSourcesBuildPhase;
			buildActionMask = 2147483647;
			files = (
				36DDA977299BED920084E9FA /* UltimateSwiftUITests.swift in Sources */,
				36DDA979299BED920084E9FA /* UltimateSwiftUITestsLaunchTests.swift in Sources */,
			);
			runOnlyForDeploymentPostprocessing = 0;
		};
		36EA080E2953AA03001CBEA1 /* Sources */ = {
			isa = PBXSourcesBuildPhase;
			buildActionMask = 2147483647;
			files = (
				362020E72962052200F13F5B /* ItemRowView.swift in Sources */,
				3677111F29DA0C1200F7CB82 /* DataController-Reminders+Extension.swift in Sources */,
				3684ED922981CF09009559BD /* ProjectSummaryView.swift in Sources */,
				36E89AA829DF715500FDA169 /* DataControlller-StoreKit+Extension.swift in Sources */,
				3647C96529D61E0D0055FC02 /* SceneDelegate.swift in Sources */,
				36E76E2129D21AEE00CEE274 /* PurchaseButton.swift in Sources */,
				362020EC29646CA800F13F5B /* ProjectHeaderView.swift in Sources */,
				3647C95E29D2207C0055FC02 /* ProductView.swift in Sources */,
				362021252968C34800F13F5B /* AwardsView.swift in Sources */,
				3620211B29661C0C00F13F5B /* Sequence + Extension.swift in Sources */,
				366C731A29BA67F5009AF437 /* HomeViewModel.swift in Sources */,
				366C732529C4E538009AF437 /* UnlockManager.swift in Sources */,
				3620211F2968BE7800F13F5B /* Bundle+Extension.swift in Sources */,
				36EA08AC2960D1FF001CBEA1 /* Project-CoreDataHelper+Extension.swift in Sources */,
				36EA0883295F6476001CBEA1 /* ProjectsView.swift in Sources */,
				362020F02964719200F13F5B /* EditProjectView.swift in Sources */,
				362021232968C2C800F13F5B /* Award.swift in Sources */,
				3620211D296762BD00F13F5B /* SelectSomethingView.swift in Sources */,
				36E76E1F29D21A0500CEE274 /* SKProduct-LocalizedPrice+Extension.swift in Sources */,
				3647C96029D2214F0055FC02 /* UnlockView.swift in Sources */,
				36EA08252953AAFD001CBEA1 /* Main.xcdatamodeld in Sources */,
				3677111129DA09BC00F7CB82 /* UltimateSwiftWidget.intentdefinition in Sources */,
				3647C96329D61CBF0055FC02 /* AppDelegate.swift in Sources */,
				36EA087D295E257D001CBEA1 /* DataController.swift in Sources */,
				362020E929620C1A00F13F5B /* Binding-onChange+Extension.swift in Sources */,
				362DD8B12977380E0042ABF7 /* Color-Additions+Extension.swift in Sources */,
				3677112129DA0CA400F7CB82 /* DataController-Awards+Extension.swift in Sources */,
				36EA08AA2960D081001CBEA1 /* Item-CoreDataHelper+Extension.swift in Sources */,
				3684ED90297F4586009559BD /* ItemListView.swift in Sources */,
				36EA08182953AA03001CBEA1 /* ContentView.swift in Sources */,
				36EA0881295F63E5001CBEA1 /* HomeView.swift in Sources */,
				366C731C29BD20B7009AF437 /* ItemRowViewModel.swift in Sources */,
				36EA08162953AA03001CBEA1 /* UltimateSwiftApp.swift in Sources */,
				365DE83829A408C500ECE3AA /* ProjectsViewModel.swift in Sources */,
				36EA08AE2960D698001CBEA1 /* EditItemView.swift in Sources */,
			);
			runOnlyForDeploymentPostprocessing = 0;
		};
/* End PBXSourcesBuildPhase section */

/* Begin PBXTargetDependency section */
		3677111329DA09BC00F7CB82 /* PBXTargetDependency */ = {
			isa = PBXTargetDependency;
			target = 367710FE29DA09B700F7CB82 /* UltimateSwiftWidgetExtension */;
			targetProxy = 3677111229DA09BC00F7CB82 /* PBXContainerItemProxy */;
		};
		36DDA9592991772B0084E9FA /* PBXTargetDependency */ = {
			isa = PBXTargetDependency;
			target = 36EA08112953AA03001CBEA1 /* UltimateSwift */;
			targetProxy = 36DDA9582991772B0084E9FA /* PBXContainerItemProxy */;
		};
		36DDA97B299BED920084E9FA /* PBXTargetDependency */ = {
			isa = PBXTargetDependency;
			target = 36EA08112953AA03001CBEA1 /* UltimateSwift */;
			targetProxy = 36DDA97A299BED920084E9FA /* PBXContainerItemProxy */;
		};
/* End PBXTargetDependency section */

/* Begin PBXVariantGroup section */
		3684ED85297B26CB009559BD /* Localizable.strings */ = {
			isa = PBXVariantGroup;
			children = (
				3684ED84297B26CB009559BD /* en */,
				3684ED86297B26DB009559BD /* ru */,
			);
			name = Localizable.strings;
			sourceTree = "<group>";
		};
		3684ED89297B28F0009559BD /* Localizable.stringsdict */ = {
			isa = PBXVariantGroup;
			children = (
				3684ED88297B28F0009559BD /* en */,
				3684ED8A297B28F8009559BD /* ru */,
			);
			name = Localizable.stringsdict;
			sourceTree = "<group>";
		};
		3684ED8D297B2A19009559BD /* Awards.json */ = {
			isa = PBXVariantGroup;
			children = (
				3684ED8C297B2A19009559BD /* en */,
				3684ED8E297B2A1E009559BD /* ru */,
			);
			name = Awards.json;
			sourceTree = "<group>";
		};
/* End PBXVariantGroup section */

/* Begin XCBuildConfiguration section */
		3677111629DA09BC00F7CB82 /* Debug */ = {
			isa = XCBuildConfiguration;
			buildSettings = {
				ASSETCATALOG_COMPILER_GLOBAL_ACCENT_COLOR_NAME = AccentColor;
				ASSETCATALOG_COMPILER_WIDGET_BACKGROUND_COLOR_NAME = WidgetBackground;
				CODE_SIGN_ENTITLEMENTS = UltimateSwiftWidgetExtension.entitlements;
				CODE_SIGN_STYLE = Automatic;
				CURRENT_PROJECT_VERSION = 1;
				DEVELOPMENT_TEAM = CJ7JF497NG;
				GENERATE_INFOPLIST_FILE = YES;
				INFOPLIST_FILE = UltimateSwiftWidget/Info.plist;
				INFOPLIST_KEY_CFBundleDisplayName = UltimateSwiftWidget;
				INFOPLIST_KEY_NSHumanReadableCopyright = "";
				IPHONEOS_DEPLOYMENT_TARGET = 16.4;
				LD_RUNPATH_SEARCH_PATHS = (
					"$(inherited)",
					"@executable_path/Frameworks",
					"@executable_path/../../Frameworks",
				);
				MARKETING_VERSION = 1.0;
				PRODUCT_BUNDLE_IDENTIFIER = com.example.UltimateSwift.UltimateSwiftWidget;
				PRODUCT_NAME = "$(TARGET_NAME)";
				SKIP_INSTALL = YES;
				SWIFT_EMIT_LOC_STRINGS = YES;
				SWIFT_VERSION = 5.0;
				TARGETED_DEVICE_FAMILY = "1,2";
			};
			name = Debug;
		};
		3677111729DA09BC00F7CB82 /* Release */ = {
			isa = XCBuildConfiguration;
			buildSettings = {
				ASSETCATALOG_COMPILER_GLOBAL_ACCENT_COLOR_NAME = AccentColor;
				ASSETCATALOG_COMPILER_WIDGET_BACKGROUND_COLOR_NAME = WidgetBackground;
				CODE_SIGN_ENTITLEMENTS = UltimateSwiftWidgetExtension.entitlements;
				CODE_SIGN_STYLE = Automatic;
				CURRENT_PROJECT_VERSION = 1;
				DEVELOPMENT_TEAM = CJ7JF497NG;
				GENERATE_INFOPLIST_FILE = YES;
				INFOPLIST_FILE = UltimateSwiftWidget/Info.plist;
				INFOPLIST_KEY_CFBundleDisplayName = UltimateSwiftWidget;
				INFOPLIST_KEY_NSHumanReadableCopyright = "";
				IPHONEOS_DEPLOYMENT_TARGET = 16.4;
				LD_RUNPATH_SEARCH_PATHS = (
					"$(inherited)",
					"@executable_path/Frameworks",
					"@executable_path/../../Frameworks",
				);
				MARKETING_VERSION = 1.0;
				PRODUCT_BUNDLE_IDENTIFIER = com.example.UltimateSwift.UltimateSwiftWidget;
				PRODUCT_NAME = "$(TARGET_NAME)";
				SKIP_INSTALL = YES;
				SWIFT_EMIT_LOC_STRINGS = YES;
				SWIFT_VERSION = 5.0;
				TARGETED_DEVICE_FAMILY = "1,2";
			};
			name = Release;
		};
		36DDA95A2991772B0084E9FA /* Debug */ = {
			isa = XCBuildConfiguration;
			buildSettings = {
				BUNDLE_LOADER = "$(TEST_HOST)";
				CODE_SIGN_STYLE = Automatic;
				CURRENT_PROJECT_VERSION = 1;
				DEVELOPMENT_TEAM = CJ7JF497NG;
				GENERATE_INFOPLIST_FILE = YES;
				MARKETING_VERSION = 1.0;
				PRODUCT_BUNDLE_IDENTIFIER = com.example.UltimateSwiftTests;
				PRODUCT_NAME = "$(TARGET_NAME)";
				SWIFT_EMIT_LOC_STRINGS = NO;
				SWIFT_VERSION = 5.0;
				TARGETED_DEVICE_FAMILY = "1,2";
				TEST_HOST = "$(BUILT_PRODUCTS_DIR)/UltimateSwift.app/$(BUNDLE_EXECUTABLE_FOLDER_PATH)/UltimateSwift";
			};
			name = Debug;
		};
		36DDA95B2991772B0084E9FA /* Release */ = {
			isa = XCBuildConfiguration;
			buildSettings = {
				BUNDLE_LOADER = "$(TEST_HOST)";
				CODE_SIGN_STYLE = Automatic;
				CURRENT_PROJECT_VERSION = 1;
				DEVELOPMENT_TEAM = CJ7JF497NG;
				GENERATE_INFOPLIST_FILE = YES;
				MARKETING_VERSION = 1.0;
				PRODUCT_BUNDLE_IDENTIFIER = com.example.UltimateSwiftTests;
				PRODUCT_NAME = "$(TARGET_NAME)";
				SWIFT_EMIT_LOC_STRINGS = NO;
				SWIFT_VERSION = 5.0;
				TARGETED_DEVICE_FAMILY = "1,2";
				TEST_HOST = "$(BUILT_PRODUCTS_DIR)/UltimateSwift.app/$(BUNDLE_EXECUTABLE_FOLDER_PATH)/UltimateSwift";
			};
			name = Release;
		};
		36DDA97C299BED920084E9FA /* Debug */ = {
			isa = XCBuildConfiguration;
			buildSettings = {
				CODE_SIGN_STYLE = Automatic;
				CURRENT_PROJECT_VERSION = 1;
				DEVELOPMENT_TEAM = CJ7JF497NG;
				GENERATE_INFOPLIST_FILE = YES;
				MARKETING_VERSION = 1.0;
				PRODUCT_BUNDLE_IDENTIFIER = com.example.UltimateSwiftUITests;
				PRODUCT_NAME = "$(TARGET_NAME)";
				SWIFT_EMIT_LOC_STRINGS = NO;
				SWIFT_VERSION = 5.0;
				TARGETED_DEVICE_FAMILY = "1,2";
				TEST_TARGET_NAME = UltimateSwift;
			};
			name = Debug;
		};
		36DDA97D299BED920084E9FA /* Release */ = {
			isa = XCBuildConfiguration;
			buildSettings = {
				CODE_SIGN_STYLE = Automatic;
				CURRENT_PROJECT_VERSION = 1;
				DEVELOPMENT_TEAM = CJ7JF497NG;
				GENERATE_INFOPLIST_FILE = YES;
				MARKETING_VERSION = 1.0;
				PRODUCT_BUNDLE_IDENTIFIER = com.example.UltimateSwiftUITests;
				PRODUCT_NAME = "$(TARGET_NAME)";
				SWIFT_EMIT_LOC_STRINGS = NO;
				SWIFT_VERSION = 5.0;
				TARGETED_DEVICE_FAMILY = "1,2";
				TEST_TARGET_NAME = UltimateSwift;
			};
			name = Release;
		};
		36EA081E2953AA06001CBEA1 /* Debug */ = {
			isa = XCBuildConfiguration;
			buildSettings = {
				ALWAYS_SEARCH_USER_PATHS = NO;
				CLANG_ANALYZER_LOCALIZABILITY_NONLOCALIZED = YES;
				CLANG_ANALYZER_NONNULL = YES;
				CLANG_ANALYZER_NUMBER_OBJECT_CONVERSION = YES_AGGRESSIVE;
				CLANG_CXX_LANGUAGE_STANDARD = "gnu++20";
				CLANG_ENABLE_MODULES = YES;
				CLANG_ENABLE_OBJC_ARC = YES;
				CLANG_ENABLE_OBJC_WEAK = YES;
				CLANG_WARN_BLOCK_CAPTURE_AUTORELEASING = YES;
				CLANG_WARN_BOOL_CONVERSION = YES;
				CLANG_WARN_COMMA = YES;
				CLANG_WARN_CONSTANT_CONVERSION = YES;
				CLANG_WARN_DEPRECATED_OBJC_IMPLEMENTATIONS = YES;
				CLANG_WARN_DIRECT_OBJC_ISA_USAGE = YES_ERROR;
				CLANG_WARN_DOCUMENTATION_COMMENTS = YES;
				CLANG_WARN_EMPTY_BODY = YES;
				CLANG_WARN_ENUM_CONVERSION = YES;
				CLANG_WARN_INFINITE_RECURSION = YES;
				CLANG_WARN_INT_CONVERSION = YES;
				CLANG_WARN_NON_LITERAL_NULL_CONVERSION = YES;
				CLANG_WARN_OBJC_IMPLICIT_RETAIN_SELF = YES;
				CLANG_WARN_OBJC_LITERAL_CONVERSION = YES;
				CLANG_WARN_OBJC_ROOT_CLASS = YES_ERROR;
				CLANG_WARN_QUOTED_INCLUDE_IN_FRAMEWORK_HEADER = YES;
				CLANG_WARN_RANGE_LOOP_ANALYSIS = YES;
				CLANG_WARN_STRICT_PROTOTYPES = YES;
				CLANG_WARN_SUSPICIOUS_MOVE = YES;
				CLANG_WARN_UNGUARDED_AVAILABILITY = YES_AGGRESSIVE;
				CLANG_WARN_UNREACHABLE_CODE = YES;
				CLANG_WARN__DUPLICATE_METHOD_MATCH = YES;
				COPY_PHASE_STRIP = NO;
				DEBUG_INFORMATION_FORMAT = dwarf;
				ENABLE_STRICT_OBJC_MSGSEND = YES;
				ENABLE_TESTABILITY = YES;
				GCC_C_LANGUAGE_STANDARD = gnu11;
				GCC_DYNAMIC_NO_PIC = NO;
				GCC_NO_COMMON_BLOCKS = YES;
				GCC_OPTIMIZATION_LEVEL = 0;
				GCC_PREPROCESSOR_DEFINITIONS = (
					"DEBUG=1",
					"$(inherited)",
				);
				GCC_WARN_64_TO_32_BIT_CONVERSION = YES;
				GCC_WARN_ABOUT_RETURN_TYPE = YES_ERROR;
				GCC_WARN_UNDECLARED_SELECTOR = YES;
				GCC_WARN_UNINITIALIZED_AUTOS = YES_AGGRESSIVE;
				GCC_WARN_UNUSED_FUNCTION = YES;
				GCC_WARN_UNUSED_VARIABLE = YES;
				IPHONEOS_DEPLOYMENT_TARGET = 16.2;
				MTL_ENABLE_DEBUG_INFO = INCLUDE_SOURCE;
				MTL_FAST_MATH = YES;
				ONLY_ACTIVE_ARCH = YES;
				SDKROOT = iphoneos;
				SWIFT_ACTIVE_COMPILATION_CONDITIONS = DEBUG;
				SWIFT_OPTIMIZATION_LEVEL = "-Onone";
			};
			name = Debug;
		};
		36EA081F2953AA06001CBEA1 /* Release */ = {
			isa = XCBuildConfiguration;
			buildSettings = {
				ALWAYS_SEARCH_USER_PATHS = NO;
				CLANG_ANALYZER_LOCALIZABILITY_NONLOCALIZED = YES;
				CLANG_ANALYZER_NONNULL = YES;
				CLANG_ANALYZER_NUMBER_OBJECT_CONVERSION = YES_AGGRESSIVE;
				CLANG_CXX_LANGUAGE_STANDARD = "gnu++20";
				CLANG_ENABLE_MODULES = YES;
				CLANG_ENABLE_OBJC_ARC = YES;
				CLANG_ENABLE_OBJC_WEAK = YES;
				CLANG_WARN_BLOCK_CAPTURE_AUTORELEASING = YES;
				CLANG_WARN_BOOL_CONVERSION = YES;
				CLANG_WARN_COMMA = YES;
				CLANG_WARN_CONSTANT_CONVERSION = YES;
				CLANG_WARN_DEPRECATED_OBJC_IMPLEMENTATIONS = YES;
				CLANG_WARN_DIRECT_OBJC_ISA_USAGE = YES_ERROR;
				CLANG_WARN_DOCUMENTATION_COMMENTS = YES;
				CLANG_WARN_EMPTY_BODY = YES;
				CLANG_WARN_ENUM_CONVERSION = YES;
				CLANG_WARN_INFINITE_RECURSION = YES;
				CLANG_WARN_INT_CONVERSION = YES;
				CLANG_WARN_NON_LITERAL_NULL_CONVERSION = YES;
				CLANG_WARN_OBJC_IMPLICIT_RETAIN_SELF = YES;
				CLANG_WARN_OBJC_LITERAL_CONVERSION = YES;
				CLANG_WARN_OBJC_ROOT_CLASS = YES_ERROR;
				CLANG_WARN_QUOTED_INCLUDE_IN_FRAMEWORK_HEADER = YES;
				CLANG_WARN_RANGE_LOOP_ANALYSIS = YES;
				CLANG_WARN_STRICT_PROTOTYPES = YES;
				CLANG_WARN_SUSPICIOUS_MOVE = YES;
				CLANG_WARN_UNGUARDED_AVAILABILITY = YES_AGGRESSIVE;
				CLANG_WARN_UNREACHABLE_CODE = YES;
				CLANG_WARN__DUPLICATE_METHOD_MATCH = YES;
				COPY_PHASE_STRIP = NO;
				DEBUG_INFORMATION_FORMAT = "dwarf-with-dsym";
				ENABLE_NS_ASSERTIONS = NO;
				ENABLE_STRICT_OBJC_MSGSEND = YES;
				GCC_C_LANGUAGE_STANDARD = gnu11;
				GCC_NO_COMMON_BLOCKS = YES;
				GCC_WARN_64_TO_32_BIT_CONVERSION = YES;
				GCC_WARN_ABOUT_RETURN_TYPE = YES_ERROR;
				GCC_WARN_UNDECLARED_SELECTOR = YES;
				GCC_WARN_UNINITIALIZED_AUTOS = YES_AGGRESSIVE;
				GCC_WARN_UNUSED_FUNCTION = YES;
				GCC_WARN_UNUSED_VARIABLE = YES;
				IPHONEOS_DEPLOYMENT_TARGET = 16.2;
				MTL_ENABLE_DEBUG_INFO = NO;
				MTL_FAST_MATH = YES;
				SDKROOT = iphoneos;
				SWIFT_COMPILATION_MODE = wholemodule;
				SWIFT_OPTIMIZATION_LEVEL = "-O";
				VALIDATE_PRODUCT = YES;
			};
			name = Release;
		};
		36EA08212953AA06001CBEA1 /* Debug */ = {
			isa = XCBuildConfiguration;
			buildSettings = {
				ALWAYS_EMBED_SWIFT_STANDARD_LIBRARIES = YES;
				ASSETCATALOG_COMPILER_APPICON_NAME = AppIcon;
				ASSETCATALOG_COMPILER_GLOBAL_ACCENT_COLOR_NAME = AccentColor;
				CODE_SIGN_ENTITLEMENTS = UltimateSwift/UltimateSwift.entitlements;
				CODE_SIGN_STYLE = Automatic;
				CURRENT_PROJECT_VERSION = 1;
				DEVELOPMENT_ASSET_PATHS = "\"UltimateSwift/Preview Content\"";
				DEVELOPMENT_TEAM = CJ7JF497NG;
				ENABLE_PREVIEWS = YES;
				GENERATE_INFOPLIST_FILE = YES;
				INFOPLIST_FILE = UltimateSwift/Info.plist;
				INFOPLIST_KEY_UIApplicationSceneManifest_Generation = YES;
				INFOPLIST_KEY_UIApplicationSupportsIndirectInputEvents = YES;
				INFOPLIST_KEY_UILaunchScreen_Generation = YES;
				INFOPLIST_KEY_UISupportedInterfaceOrientations_iPad = "UIInterfaceOrientationPortrait UIInterfaceOrientationPortraitUpsideDown UIInterfaceOrientationLandscapeLeft UIInterfaceOrientationLandscapeRight";
				INFOPLIST_KEY_UISupportedInterfaceOrientations_iPhone = "UIInterfaceOrientationPortrait UIInterfaceOrientationLandscapeLeft UIInterfaceOrientationLandscapeRight";
				LD_RUNPATH_SEARCH_PATHS = (
					"$(inherited)",
					"@executable_path/Frameworks",
				);
				MARKETING_VERSION = 1.0;
				PRODUCT_BUNDLE_IDENTIFIER = com.example.UltimateSwift;
				PRODUCT_NAME = "$(TARGET_NAME)";
				SWIFT_EMIT_LOC_STRINGS = YES;
				SWIFT_VERSION = 5.0;
				TARGETED_DEVICE_FAMILY = "1,2";
			};
			name = Debug;
		};
		36EA08222953AA06001CBEA1 /* Release */ = {
			isa = XCBuildConfiguration;
			buildSettings = {
				ALWAYS_EMBED_SWIFT_STANDARD_LIBRARIES = YES;
				ASSETCATALOG_COMPILER_APPICON_NAME = AppIcon;
				ASSETCATALOG_COMPILER_GLOBAL_ACCENT_COLOR_NAME = AccentColor;
				CODE_SIGN_ENTITLEMENTS = UltimateSwift/UltimateSwift.entitlements;
				CODE_SIGN_STYLE = Automatic;
				CURRENT_PROJECT_VERSION = 1;
				DEVELOPMENT_ASSET_PATHS = "\"UltimateSwift/Preview Content\"";
				DEVELOPMENT_TEAM = CJ7JF497NG;
				ENABLE_PREVIEWS = YES;
				GENERATE_INFOPLIST_FILE = YES;
				INFOPLIST_FILE = UltimateSwift/Info.plist;
				INFOPLIST_KEY_UIApplicationSceneManifest_Generation = YES;
				INFOPLIST_KEY_UIApplicationSupportsIndirectInputEvents = YES;
				INFOPLIST_KEY_UILaunchScreen_Generation = YES;
				INFOPLIST_KEY_UISupportedInterfaceOrientations_iPad = "UIInterfaceOrientationPortrait UIInterfaceOrientationPortraitUpsideDown UIInterfaceOrientationLandscapeLeft UIInterfaceOrientationLandscapeRight";
				INFOPLIST_KEY_UISupportedInterfaceOrientations_iPhone = "UIInterfaceOrientationPortrait UIInterfaceOrientationLandscapeLeft UIInterfaceOrientationLandscapeRight";
				LD_RUNPATH_SEARCH_PATHS = (
					"$(inherited)",
					"@executable_path/Frameworks",
				);
				MARKETING_VERSION = 1.0;
				PRODUCT_BUNDLE_IDENTIFIER = com.example.UltimateSwift;
				PRODUCT_NAME = "$(TARGET_NAME)";
				SWIFT_EMIT_LOC_STRINGS = YES;
				SWIFT_VERSION = 5.0;
				TARGETED_DEVICE_FAMILY = "1,2";
			};
			name = Release;
		};
/* End XCBuildConfiguration section */

/* Begin XCConfigurationList section */
		3677111829DA09BC00F7CB82 /* Build configuration list for PBXNativeTarget "UltimateSwiftWidgetExtension" */ = {
			isa = XCConfigurationList;
			buildConfigurations = (
				3677111629DA09BC00F7CB82 /* Debug */,
				3677111729DA09BC00F7CB82 /* Release */,
			);
			defaultConfigurationIsVisible = 0;
			defaultConfigurationName = Release;
		};
		36DDA95C2991772B0084E9FA /* Build configuration list for PBXNativeTarget "UltimateSwiftTests" */ = {
			isa = XCConfigurationList;
			buildConfigurations = (
				36DDA95A2991772B0084E9FA /* Debug */,
				36DDA95B2991772B0084E9FA /* Release */,
			);
			defaultConfigurationIsVisible = 0;
			defaultConfigurationName = Release;
		};
		36DDA97E299BED920084E9FA /* Build configuration list for PBXNativeTarget "UltimateSwiftUITests" */ = {
			isa = XCConfigurationList;
			buildConfigurations = (
				36DDA97C299BED920084E9FA /* Debug */,
				36DDA97D299BED920084E9FA /* Release */,
			);
			defaultConfigurationIsVisible = 0;
			defaultConfigurationName = Release;
		};
		36EA080D2953AA03001CBEA1 /* Build configuration list for PBXProject "UltimateSwift" */ = {
			isa = XCConfigurationList;
			buildConfigurations = (
				36EA081E2953AA06001CBEA1 /* Debug */,
				36EA081F2953AA06001CBEA1 /* Release */,
			);
			defaultConfigurationIsVisible = 0;
			defaultConfigurationName = Release;
		};
		36EA08202953AA06001CBEA1 /* Build configuration list for PBXNativeTarget "UltimateSwift" */ = {
			isa = XCConfigurationList;
			buildConfigurations = (
				36EA08212953AA06001CBEA1 /* Debug */,
				36EA08222953AA06001CBEA1 /* Release */,
			);
			defaultConfigurationIsVisible = 0;
			defaultConfigurationName = Release;
		};
/* End XCConfigurationList section */

/* Begin XCVersionGroup section */
		36EA08232953AAFD001CBEA1 /* Main.xcdatamodeld */ = {
			isa = XCVersionGroup;
			children = (
				36EA08242953AAFD001CBEA1 /* Main.xcdatamodel */,
			);
			currentVersion = 36EA08242953AAFD001CBEA1 /* Main.xcdatamodel */;
			path = Main.xcdatamodeld;
			sourceTree = "<group>";
			versionGroupType = wrapper.xcdatamodel;
		};
/* End XCVersionGroup section */
	};
	rootObject = 36EA080A2953AA03001CBEA1 /* Project object */;
}
